
Microsoft Visual Studio Solution File, Format Version 12.00
# Visual Studio Version 17
VisualStudioVersion = 17.9.34310.174
MinimumVisualStudioVersion = 10.0.40219.1
Project("{FAE04EC0-301F-11D3-BF4B-00C04F79EFBC}") = "ProjectIdeasWithDotNet8.WebApp", "ProjectIdeasWithDotNet8.WebApp\ProjectIdeasWithDotNet8.WebApp.csproj", "{795BC42D-6B0C-496C-8D38-576DFD09077D}"
EndProject
Global
	GlobalSection(SolutionConfigurationPlatforms) = preSolution
		Debug|Any CPU = Debug|Any CPU
		Release|Any CPU = Release|Any CPU
	EndGlobalSection
	GlobalSection(ProjectConfigurationPlatforms) = postSolution
		{795BC42D-6B0C-496C-8D38-576DFD09077D}.Debug|Any CPU.ActiveCfg = Debug|Any CPU
		{795BC42D-6B0C-496C-8D38-576DFD09077D}.Debug|Any CPU.Build.0 = Debug|Any CPU
		{795BC42D-6B0C-496C-8D38-576DFD09077D}.Release|Any CPU.ActiveCfg = Release|Any CPU
		{795BC42D-6B0C-496C-8D38-576DFD09077D}.Release|Any CPU.Build.0 = Release|Any CPU
	EndGlobalSection
	GlobalSection(SolutionProperties) = preSolution
		HideSolutionNode = FALSE
	EndGlobalSection
	GlobalSection(ExtensibilityGlobals) = postSolution
		SolutionGuid = {1C3CD248-3BA5-4D83-A37B-C1DC039D08F8}
	EndGlobalSection
EndGlobal
