
Microsoft Visual Studio Solution File, Format Version 12.00
# Visual Studio Version 17
VisualStudioVersion = 17.9.34310.174
MinimumVisualStudioVersion = 10.0.40219.1
Project("{2150E333-8FDC-42A3-9474-1A3956D46DE8}") = "Documents", "Documents", "{C9DA6124-DF80-41EF-8AED-53D604A489E8}"
	ProjectSection(SolutionItems) = preProject
		README.md = README.md
	EndProjectSection
EndProject
Project("{9A19103F-16F7-4668-BE54-9A1E7A4F7556}") = "ProjectIdeasWithDotNet8.LatHtaukBayDin", "ProjectIdeasWithDotNet8.LatHtaukBayDin\ProjectIdeasWithDotNet8.LatHtaukBayDin.csproj", "{65D85A8C-CEB8-44D1-BD47-DE5009ED7E62}"
EndProject
Project("{9A19103F-16F7-4668-BE54-9A1E7A4F7556}") = "ProjectIdeasWithDotNet8.WebApp", "ProjectIdeasWithDotNet8.WebApp\ProjectIdeasWithDotNet8.WebApp.csproj", "{E29DE0C6-C064-47F9-93BD-8CFD162C5249}"
EndProject
Project("{FAE04EC0-301F-11D3-BF4B-00C04F79EFBC}") = "ProjectIdeasWithDotNet8.BaganMap", "ProjectIdeasWithDotNet8.BaganMap\ProjectIdeasWithDotNet8.BaganMap.csproj", "{21D4D6FF-0D17-400B-AAE3-6E4399142C6D}"
EndProject
Global
	GlobalSection(SolutionConfigurationPlatforms) = preSolution
		Debug|Any CPU = Debug|Any CPU
		Release|Any CPU = Release|Any CPU
	EndGlobalSection
	GlobalSection(ProjectConfigurationPlatforms) = postSolution
		{65D85A8C-CEB8-44D1-BD47-DE5009ED7E62}.Debug|Any CPU.ActiveCfg = Debug|Any CPU
		{65D85A8C-CEB8-44D1-BD47-DE5009ED7E62}.Debug|Any CPU.Build.0 = Debug|Any CPU
		{65D85A8C-CEB8-44D1-BD47-DE5009ED7E62}.Release|Any CPU.ActiveCfg = Release|Any CPU
		{65D85A8C-CEB8-44D1-BD47-DE5009ED7E62}.Release|Any CPU.Build.0 = Release|Any CPU
		{E29DE0C6-C064-47F9-93BD-8CFD162C5249}.Debug|Any CPU.ActiveCfg = Debug|Any CPU
		{E29DE0C6-C064-47F9-93BD-8CFD162C5249}.Debug|Any CPU.Build.0 = Debug|Any CPU
		{E29DE0C6-C064-47F9-93BD-8CFD162C5249}.Release|Any CPU.ActiveCfg = Release|Any CPU
		{E29DE0C6-C064-47F9-93BD-8CFD162C5249}.Release|Any CPU.Build.0 = Release|Any CPU
		{21D4D6FF-0D17-400B-AAE3-6E4399142C6D}.Debug|Any CPU.ActiveCfg = Debug|Any CPU
		{21D4D6FF-0D17-400B-AAE3-6E4399142C6D}.Debug|Any CPU.Build.0 = Debug|Any CPU
		{21D4D6FF-0D17-400B-AAE3-6E4399142C6D}.Release|Any CPU.ActiveCfg = Release|Any CPU
		{21D4D6FF-0D17-400B-AAE3-6E4399142C6D}.Release|Any CPU.Build.0 = Release|Any CPU
	EndGlobalSection
	GlobalSection(SolutionProperties) = preSolution
		HideSolutionNode = FALSE
	EndGlobalSection
	GlobalSection(ExtensibilityGlobals) = postSolution
		SolutionGuid = {1C3CD248-3BA5-4D83-A37B-C1DC039D08F8}
	EndGlobalSection
EndGlobal
