
Microsoft Visual Studio Solution File, Format Version 12.00
# Visual Studio Version 17
VisualStudioVersion = 17.9.34310.174
MinimumVisualStudioVersion = 10.0.40219.1
Project("{2150E333-8FDC-42A3-9474-1A3956D46DE8}") = "Documents", "Documents", "{C9DA6124-DF80-41EF-8AED-53D604A489E8}"
	ProjectSection(SolutionItems) = preProject
		README.md = README.md
	EndProjectSection
EndProject
Project("{9A19103F-16F7-4668-BE54-9A1E7A4F7556}") = "ProjectIdeasWithDotNet8.LatHtaukBayDin", "ProjectIdeasWithDotNet8.LatHtaukBayDin\ProjectIdeasWithDotNet8.LatHtaukBayDin.csproj", "{65D85A8C-CEB8-44D1-BD47-DE5009ED7E62}"
EndProject
Project("{9A19103F-16F7-4668-BE54-9A1E7A4F7556}") = "ProjectIdeasWithDotNet8.WebApp", "ProjectIdeasWithDotNet8.WebApp\ProjectIdeasWithDotNet8.WebApp.csproj", "{E29DE0C6-C064-47F9-93BD-8CFD162C5249}"
EndProject
Project("{9A19103F-16F7-4668-BE54-9A1E7A4F7556}") = "ProjectIdeasWithDotNet8.DreamDictionary", "ProjectIdeasWithDotNet8.DreamDictionary\ProjectIdeasWithDotNet8.DreamDictionary.csproj", "{00C0A398-AFF8-4FCC-9A16-1D48EFFDE3E5}"
EndProject
Project("{FAE04EC0-301F-11D3-BF4B-00C04F79EFBC}") = "ProjectIdeasWithDotNet8.Birds", "ProjectIdeasWithDotNet8.Birds\ProjectIdeasWithDotNet8.Birds.csproj", "{6BE680DE-0EA3-4B22-8618-B633ECE82016}"
EndProject
Project("{FAE04EC0-301F-11D3-BF4B-00C04F79EFBC}") = "ProjectIdeasWithDotNet8.MyanmarMonths", "ProjectIdeasWithDotNet8.MyanmarMonths\ProjectIdeasWithDotNet8.MyanmarMonths.csproj", "{1986FC30-9324-499D-A7D5-71C9019F3B8E}"
EndProject
Project("{9A19103F-16F7-4668-BE54-9A1E7A4F7556}") = "ProjectIdeasWithDotNet8.PickAPile", "ProjectIdeasWithDotNet8.PickAPile\ProjectIdeasWithDotNet8.PickAPile.csproj", "{40A6A366-DB58-4425-BEB8-D432858C2852}"
EndProject
Project("{9A19103F-16F7-4668-BE54-9A1E7A4F7556}") = "ProjectIdeasWithDotNet8.BaganMap", "ProjectIdeasWithDotNet8.BaganMap\ProjectIdeasWithDotNet8.BaganMap.csproj", "{AF1E6E3A-35FC-4724-9669-41CAEB5ED243}"
EndProject
Project("{FAE04EC0-301F-11D3-BF4B-00C04F79EFBC}") = "ProjectIdeasWithDotNet8.Zodiac", "ProjectIdeasWithDotNet8.Zodiac\ProjectIdeasWithDotNet8.Zodiac.csproj", "{5F710402-F4D4-4221-BEB1-EC65D00D8B4E}"
EndProject
Global
	GlobalSection(SolutionConfigurationPlatforms) = preSolution
		Debug|Any CPU = Debug|Any CPU
		Release|Any CPU = Release|Any CPU
	EndGlobalSection
	GlobalSection(ProjectConfigurationPlatforms) = postSolution
		{65D85A8C-CEB8-44D1-BD47-DE5009ED7E62}.Debug|Any CPU.ActiveCfg = Debug|Any CPU
		{65D85A8C-CEB8-44D1-BD47-DE5009ED7E62}.Debug|Any CPU.Build.0 = Debug|Any CPU
		{65D85A8C-CEB8-44D1-BD47-DE5009ED7E62}.Release|Any CPU.ActiveCfg = Release|Any CPU
		{65D85A8C-CEB8-44D1-BD47-DE5009ED7E62}.Release|Any CPU.Build.0 = Release|Any CPU
		{E29DE0C6-C064-47F9-93BD-8CFD162C5249}.Debug|Any CPU.ActiveCfg = Debug|Any CPU
		{E29DE0C6-C064-47F9-93BD-8CFD162C5249}.Debug|Any CPU.Build.0 = Debug|Any CPU
		{E29DE0C6-C064-47F9-93BD-8CFD162C5249}.Release|Any CPU.ActiveCfg = Release|Any CPU
		{E29DE0C6-C064-47F9-93BD-8CFD162C5249}.Release|Any CPU.Build.0 = Release|Any CPU
		{00C0A398-AFF8-4FCC-9A16-1D48EFFDE3E5}.Debug|Any CPU.ActiveCfg = Debug|Any CPU
		{00C0A398-AFF8-4FCC-9A16-1D48EFFDE3E5}.Debug|Any CPU.Build.0 = Debug|Any CPU
		{00C0A398-AFF8-4FCC-9A16-1D48EFFDE3E5}.Release|Any CPU.ActiveCfg = Release|Any CPU
		{00C0A398-AFF8-4FCC-9A16-1D48EFFDE3E5}.Release|Any CPU.Build.0 = Release|Any CPU
		{6BE680DE-0EA3-4B22-8618-B633ECE82016}.Debug|Any CPU.ActiveCfg = Debug|Any CPU
		{6BE680DE-0EA3-4B22-8618-B633ECE82016}.Debug|Any CPU.Build.0 = Debug|Any CPU
		{6BE680DE-0EA3-4B22-8618-B633ECE82016}.Release|Any CPU.ActiveCfg = Release|Any CPU
		{6BE680DE-0EA3-4B22-8618-B633ECE82016}.Release|Any CPU.Build.0 = Release|Any CPU
		{1986FC30-9324-499D-A7D5-71C9019F3B8E}.Debug|Any CPU.ActiveCfg = Debug|Any CPU
		{1986FC30-9324-499D-A7D5-71C9019F3B8E}.Debug|Any CPU.Build.0 = Debug|Any CPU
		{1986FC30-9324-499D-A7D5-71C9019F3B8E}.Release|Any CPU.ActiveCfg = Release|Any CPU
		{1986FC30-9324-499D-A7D5-71C9019F3B8E}.Release|Any CPU.Build.0 = Release|Any CPU
		{40A6A366-DB58-4425-BEB8-D432858C2852}.Debug|Any CPU.ActiveCfg = Debug|Any CPU
		{40A6A366-DB58-4425-BEB8-D432858C2852}.Debug|Any CPU.Build.0 = Debug|Any CPU
		{40A6A366-DB58-4425-BEB8-D432858C2852}.Release|Any CPU.ActiveCfg = Release|Any CPU
		{40A6A366-DB58-4425-BEB8-D432858C2852}.Release|Any CPU.Build.0 = Release|Any CPU
		{AF1E6E3A-35FC-4724-9669-41CAEB5ED243}.Debug|Any CPU.ActiveCfg = Debug|Any CPU
		{AF1E6E3A-35FC-4724-9669-41CAEB5ED243}.Debug|Any CPU.Build.0 = Debug|Any CPU
		{AF1E6E3A-35FC-4724-9669-41CAEB5ED243}.Release|Any CPU.ActiveCfg = Release|Any CPU
		{AF1E6E3A-35FC-4724-9669-41CAEB5ED243}.Release|Any CPU.Build.0 = Release|Any CPU
		{5F710402-F4D4-4221-BEB1-EC65D00D8B4E}.Debug|Any CPU.ActiveCfg = Debug|Any CPU
		{5F710402-F4D4-4221-BEB1-EC65D00D8B4E}.Debug|Any CPU.Build.0 = Debug|Any CPU
		{5F710402-F4D4-4221-BEB1-EC65D00D8B4E}.Release|Any CPU.ActiveCfg = Release|Any CPU
		{5F710402-F4D4-4221-BEB1-EC65D00D8B4E}.Release|Any CPU.Build.0 = Release|Any CPU
	EndGlobalSection
	GlobalSection(SolutionProperties) = preSolution
		HideSolutionNode = FALSE
	EndGlobalSection
	GlobalSection(ExtensibilityGlobals) = postSolution
		SolutionGuid = {1C3CD248-3BA5-4D83-A37B-C1DC039D08F8}
	EndGlobalSection
EndGlobal
